# THIS IS AN AUTOGENERATED FILE. DO NOT EDIT THIS FILE DIRECTLY.
# yarn lockfile v1


nanoid@^5.0.5:
  version "5.0.5"
  resolved "https://registry.yarnpkg.com/nanoid/-/nanoid-5.0.5.tgz#5112efb5c0caf4fc80680d66d303c65233a79fdd"
  integrity sha512-/Veqm+QKsyMY3kqi4faWplnY1u+VuKO3dD2binyPIybP31DRO29bPF+1mszgLnrR2KqSLceFLBNw0zmvDzN1QQ==
